
Microsoft Visual Studio Solution File, Format Version 12.00
# Visual Studio Version 16
VisualStudioVersion = 16.0.30804.86
MinimumVisualStudioVersion = 10.0.40219.1
Project("{FAE04EC0-301F-11D3-BF4B-00C04F79EFBC}") = "AsalSayilar_10.01.21", "AsalSayilar_10.01.21\AsalSayilar_10.01.21.csproj", "{C7648B97-B78C-4510-A7BE-46FA74B04D39}"
EndProject
Global
	GlobalSection(SolutionConfigurationPlatforms) = preSolution
		Debug|Any CPU = Debug|Any CPU
		Release|Any CPU = Release|Any CPU
	EndGlobalSection
	GlobalSection(ProjectConfigurationPlatforms) = postSolution
		{C7648B97-B78C-4510-A7BE-46FA74B04D39}.Debug|Any CPU.ActiveCfg = Debug|Any CPU
		{C7648B97-B78C-4510-A7BE-46FA74B04D39}.Debug|Any CPU.Build.0 = Debug|Any CPU
		{C7648B97-B78C-4510-A7BE-46FA74B04D39}.Release|Any CPU.ActiveCfg = Release|Any CPU
		{C7648B97-B78C-4510-A7BE-46FA74B04D39}.Release|Any CPU.Build.0 = Release|Any CPU
	EndGlobalSection
	GlobalSection(SolutionProperties) = preSolution
		HideSolutionNode = FALSE
	EndGlobalSection
	GlobalSection(ExtensibilityGlobals) = postSolution
		SolutionGuid = {3B6B6FBD-ECFD-46D4-9F1D-6B9F9B6F10C5}
	EndGlobalSection
EndGlobal
